
Microsoft Visual Studio Solution File, Format Version 12.00
# Visual Studio Version 16
VisualStudioVersion = 16.0.29728.190
MinimumVisualStudioVersion = 10.0.40219.1
Project("{FAE04EC0-301F-11D3-BF4B-00C04F79EFBC}") = "BrewBuddyCore", "BrewBuddyCore\BrewBuddyCore.csproj", "{F9BA3C38-3C14-466E-9CE1-EAC862693EE6}"
EndProject
Global
	GlobalSection(SolutionConfigurationPlatforms) = preSolution
		Debug|Any CPU = Debug|Any CPU
		Release|Any CPU = Release|Any CPU
	EndGlobalSection
	GlobalSection(ProjectConfigurationPlatforms) = postSolution
		{F9BA3C38-3C14-466E-9CE1-EAC862693EE6}.Debug|Any CPU.ActiveCfg = Debug|Any CPU
		{F9BA3C38-3C14-466E-9CE1-EAC862693EE6}.Debug|Any CPU.Build.0 = Debug|Any CPU
		{F9BA3C38-3C14-466E-9CE1-EAC862693EE6}.Release|Any CPU.ActiveCfg = Release|Any CPU
		{F9BA3C38-3C14-466E-9CE1-EAC862693EE6}.Release|Any CPU.Build.0 = Release|Any CPU
	EndGlobalSection
	GlobalSection(SolutionProperties) = preSolution
		HideSolutionNode = FALSE
	EndGlobalSection
	GlobalSection(ExtensibilityGlobals) = postSolution
		SolutionGuid = {7FB31AF8-FB46-407F-970D-DF26FF0C6B5A}
	EndGlobalSection
EndGlobal
